// !$*UTF8*$!
{
	archiveVersion = 1;
	classes = {
	};
	objectVersion = 55;
	objects = {

/* Begin PBXBuildFile section */
		002341302A9E046A00095CE3 /* AppDelegate.swift in Sources */ = {isa = PBXBuildFile; fileRef = 0023412F2A9E046A00095CE3 /* AppDelegate.swift */; };
		002341322A9E046A00095CE3 /* SceneDelegate.swift in Sources */ = {isa = PBXBuildFile; fileRef = 002341312A9E046A00095CE3 /* SceneDelegate.swift */; };
		002341342A9E046A00095CE3 /* ViewController.swift in Sources */ = {isa = PBXBuildFile; fileRef = 002341332A9E046A00095CE3 /* ViewController.swift */; };
		002341372A9E046A00095CE3 /* Main.storyboard in Resources */ = {isa = PBXBuildFile; fileRef = 002341352A9E046A00095CE3 /* Main.storyboard */; };
		002341392A9E046E00095CE3 /* Assets.xcassets in Resources */ = {isa = PBXBuildFile; fileRef = 002341382A9E046E00095CE3 /* Assets.xcassets */; };
		0023413C2A9E046E00095CE3 /* LaunchScreen.storyboard in Resources */ = {isa = PBXBuildFile; fileRef = 0023413A2A9E046E00095CE3 /* LaunchScreen.storyboard */; };
		0023414B2A9E076500095CE3 /* MulticastDelegate.swift in Sources */ = {isa = PBXBuildFile; fileRef = 002341472A9E076500095CE3 /* MulticastDelegate.swift */; };
		0023414C2A9E076500095CE3 /* PlaylistItemsService.swift in Sources */ = {isa = PBXBuildFile; fileRef = 002341482A9E076500095CE3 /* PlaylistItemsService.swift */; };
		0023414D2A9E076500095CE3 /* EqualizerService.swift in Sources */ = {isa = PBXBuildFile; fileRef = 002341492A9E076500095CE3 /* EqualizerService.swift */; };
		0023414E2A9E076500095CE3 /* AudioPlayerService.swift in Sources */ = {isa = PBXBuildFile; fileRef = 0023414A2A9E076500095CE3 /* AudioPlayerService.swift */; };
		002341502A9E093A00095CE3 /* AudioContent.swift in Sources */ = {isa = PBXBuildFile; fileRef = 0023414F2A9E093A00095CE3 /* AudioContent.swift */; };
		002341542A9E0EA100095CE3 /* PlayerViewModel.swift in Sources */ = {isa = PBXBuildFile; fileRef = 002341512A9E0EA100095CE3 /* PlayerViewModel.swift */; };
		002341552A9E0EA100095CE3 /* EqualizerViewController.swift in Sources */ = {isa = PBXBuildFile; fileRef = 002341522A9E0EA100095CE3 /* EqualizerViewController.swift */; };
		002341562A9E0EA100095CE3 /* EqualizerViewModel.swift in Sources */ = {isa = PBXBuildFile; fileRef = 002341532A9E0EA100095CE3 /* EqualizerViewModel.swift */; };
		002341592A9E128E00095CE3 /* hipjazz.wav in Resources */ = {isa = PBXBuildFile; fileRef = 002341572A9E128D00095CE3 /* hipjazz.wav */; };
		0023415A2A9E128E00095CE3 /* bensound-jazzyfrenchy.mp3 in Resources */ = {isa = PBXBuildFile; fileRef = 002341582A9E128E00095CE3 /* bensound-jazzyfrenchy.mp3 */; };
		7220A2CB2ABAD87C00A778E0 /* Utility.swift in Sources */ = {isa = PBXBuildFile; fileRef = 7220A2CA2ABAD87C00A778E0 /* Utility.swift */; };
		72355AC72AA739C1004131BE /* Mock.json in Resources */ = {isa = PBXBuildFile; fileRef = 72355AC42AA739C1004131BE /* Mock.json */; };
		7271EDD32A9F76E7000B1E73 /* AbstractPlayer.swift in Sources */ = {isa = PBXBuildFile; fileRef = 7271EDD22A9F76E7000B1E73 /* AbstractPlayer.swift */; };
		727E97C12AB85A12006CE80F /* AudioStreaming in Frameworks */ = {isa = PBXBuildFile; productRef = 727E97C02AB85A12006CE80F /* AudioStreaming */; };
		727E97E42AB87E1E006CE80F /* MockerProtocols.swift in Sources */ = {isa = PBXBuildFile; fileRef = 727E97E32AB87E1E006CE80F /* MockerProtocols.swift */; };
		728980392AA0A03800A3AD2E /* FinalAudioPlayerTests.swift in Sources */ = {isa = PBXBuildFile; fileRef = 728980382AA0A03800A3AD2E /* FinalAudioPlayerTests.swift */; };
		728E94F92AC06A6F0030F6C3 /* Array + Extension.swift in Sources */ = {isa = PBXBuildFile; fileRef = 728E94F82AC06A6F0030F6C3 /* Array + Extension.swift */; };
		72D4D40B2AAF0ACF0076CDC8 /* Valiadtion Extension.swift in Sources */ = {isa = PBXBuildFile; fileRef = 72D4D40A2AAF0ACF0076CDC8 /* Valiadtion Extension.swift */; };
		72DA5B572AA08BB00037E058 /* PlayerControlsViewModel.swift in Sources */ = {isa = PBXBuildFile; fileRef = 72DA5B562AA08BB00037E058 /* PlayerControlsViewModel.swift */; };
/* End PBXBuildFile section */

/* Begin PBXContainerItemProxy section */
		7289803A2AA0A03800A3AD2E /* PBXContainerItemProxy */ = {
			isa = PBXContainerItemProxy;
			containerPortal = 002341242A9E046A00095CE3 /* Project object */;
			proxyType = 1;
			remoteGlobalIDString = 0023412B2A9E046A00095CE3;
			remoteInfo = FinalAudioPlayer;
		};
/* End PBXContainerItemProxy section */

/* Begin PBXFileReference section */
		0023412C2A9E046A00095CE3 /* FinalAudioPlayer.app */ = {isa = PBXFileReference; explicitFileType = wrapper.application; includeInIndex = 0; path = FinalAudioPlayer.app; sourceTree = BUILT_PRODUCTS_DIR; };
		0023412F2A9E046A00095CE3 /* AppDelegate.swift */ = {isa = PBXFileReference; lastKnownFileType = sourcecode.swift; path = AppDelegate.swift; sourceTree = "<group>"; };
		002341312A9E046A00095CE3 /* SceneDelegate.swift */ = {isa = PBXFileReference; lastKnownFileType = sourcecode.swift; path = SceneDelegate.swift; sourceTree = "<group>"; };
		002341332A9E046A00095CE3 /* ViewController.swift */ = {isa = PBXFileReference; lastKnownFileType = sourcecode.swift; path = ViewController.swift; sourceTree = "<group>"; };
		002341362A9E046A00095CE3 /* Base */ = {isa = PBXFileReference; lastKnownFileType = file.storyboard; name = Base; path = Base.lproj/Main.storyboard; sourceTree = "<group>"; };
		002341382A9E046E00095CE3 /* Assets.xcassets */ = {isa = PBXFileReference; lastKnownFileType = folder.assetcatalog; path = Assets.xcassets; sourceTree = "<group>"; };
		0023413B2A9E046E00095CE3 /* Base */ = {isa = PBXFileReference; lastKnownFileType = file.storyboard; name = Base; path = Base.lproj/LaunchScreen.storyboard; sourceTree = "<group>"; };
		0023413D2A9E046E00095CE3 /* Info.plist */ = {isa = PBXFileReference; lastKnownFileType = text.plist.xml; path = Info.plist; sourceTree = "<group>"; };
		002341472A9E076500095CE3 /* MulticastDelegate.swift */ = {isa = PBXFileReference; fileEncoding = 4; lastKnownFileType = sourcecode.swift; path = MulticastDelegate.swift; sourceTree = "<group>"; };
		002341482A9E076500095CE3 /* PlaylistItemsService.swift */ = {isa = PBXFileReference; fileEncoding = 4; lastKnownFileType = sourcecode.swift; path = PlaylistItemsService.swift; sourceTree = "<group>"; };
		002341492A9E076500095CE3 /* EqualizerService.swift */ = {isa = PBXFileReference; fileEncoding = 4; lastKnownFileType = sourcecode.swift; path = EqualizerService.swift; sourceTree = "<group>"; };
		0023414A2A9E076500095CE3 /* AudioPlayerService.swift */ = {isa = PBXFileReference; fileEncoding = 4; lastKnownFileType = sourcecode.swift; path = AudioPlayerService.swift; sourceTree = "<group>"; };
		0023414F2A9E093A00095CE3 /* AudioContent.swift */ = {isa = PBXFileReference; fileEncoding = 4; lastKnownFileType = sourcecode.swift; path = AudioContent.swift; sourceTree = "<group>"; };
		002341512A9E0EA100095CE3 /* PlayerViewModel.swift */ = {isa = PBXFileReference; fileEncoding = 4; lastKnownFileType = sourcecode.swift; path = PlayerViewModel.swift; sourceTree = "<group>"; };
		002341522A9E0EA100095CE3 /* EqualizerViewController.swift */ = {isa = PBXFileReference; fileEncoding = 4; lastKnownFileType = sourcecode.swift; path = EqualizerViewController.swift; sourceTree = "<group>"; };
		002341532A9E0EA100095CE3 /* EqualizerViewModel.swift */ = {isa = PBXFileReference; fileEncoding = 4; lastKnownFileType = sourcecode.swift; path = EqualizerViewModel.swift; sourceTree = "<group>"; };
		002341572A9E128D00095CE3 /* hipjazz.wav */ = {isa = PBXFileReference; lastKnownFileType = audio.wav; path = hipjazz.wav; sourceTree = "<group>"; };
		002341582A9E128E00095CE3 /* bensound-jazzyfrenchy.mp3 */ = {isa = PBXFileReference; lastKnownFileType = audio.mp3; path = "bensound-jazzyfrenchy.mp3"; sourceTree = "<group>"; };
		7220A2CA2ABAD87C00A778E0 /* Utility.swift */ = {isa = PBXFileReference; lastKnownFileType = sourcecode.swift; path = Utility.swift; sourceTree = "<group>"; };
		72355AC42AA739C1004131BE /* Mock.json */ = {isa = PBXFileReference; fileEncoding = 4; lastKnownFileType = text.json; path = Mock.json; sourceTree = "<group>"; };
		7271EDD22A9F76E7000B1E73 /* AbstractPlayer.swift */ = {isa = PBXFileReference; lastKnownFileType = sourcecode.swift; path = AbstractPlayer.swift; sourceTree = "<group>"; };
		727E97E32AB87E1E006CE80F /* MockerProtocols.swift */ = {isa = PBXFileReference; lastKnownFileType = sourcecode.swift; path = MockerProtocols.swift; sourceTree = "<group>"; };
		728980362AA0A03800A3AD2E /* FinalAudioPlayerTests.xctest */ = {isa = PBXFileReference; explicitFileType = wrapper.cfbundle; includeInIndex = 0; path = FinalAudioPlayerTests.xctest; sourceTree = BUILT_PRODUCTS_DIR; };
		728980382AA0A03800A3AD2E /* FinalAudioPlayerTests.swift */ = {isa = PBXFileReference; lastKnownFileType = sourcecode.swift; path = FinalAudioPlayerTests.swift; sourceTree = "<group>"; };
		728E94F82AC06A6F0030F6C3 /* Array + Extension.swift */ = {isa = PBXFileReference; lastKnownFileType = sourcecode.swift; path = "Array + Extension.swift"; sourceTree = "<group>"; };
		72D4D40A2AAF0ACF0076CDC8 /* Valiadtion Extension.swift */ = {isa = PBXFileReference; lastKnownFileType = sourcecode.swift; path = "Valiadtion Extension.swift"; sourceTree = "<group>"; };
		72DA5B562AA08BB00037E058 /* PlayerControlsViewModel.swift */ = {isa = PBXFileReference; fileEncoding = 4; lastKnownFileType = sourcecode.swift; path = PlayerControlsViewModel.swift; sourceTree = "<group>"; };
/* End PBXFileReference section */

/* Begin PBXFrameworksBuildPhase section */
		002341292A9E046A00095CE3 /* Frameworks */ = {
			isa = PBXFrameworksBuildPhase;
			buildActionMask = 2147483647;
			files = (
				727E97C12AB85A12006CE80F /* AudioStreaming in Frameworks */,
			);
			runOnlyForDeploymentPostprocessing = 0;
		};
		728980332AA0A03800A3AD2E /* Frameworks */ = {
			isa = PBXFrameworksBuildPhase;
			buildActionMask = 2147483647;
			files = (
			);
			runOnlyForDeploymentPostprocessing = 0;
		};
/* End PBXFrameworksBuildPhase section */

/* Begin PBXGroup section */
		002341232A9E046A00095CE3 = {
			isa = PBXGroup;
			children = (
				0023412E2A9E046A00095CE3 /* FinalAudioPlayer */,
				728980372AA0A03800A3AD2E /* FinalAudioPlayerTests */,
				0023412D2A9E046A00095CE3 /* Products */,
			);
			sourceTree = "<group>";
		};
		0023412D2A9E046A00095CE3 /* Products */ = {
			isa = PBXGroup;
			children = (
				0023412C2A9E046A00095CE3 /* FinalAudioPlayer.app */,
				728980362AA0A03800A3AD2E /* FinalAudioPlayerTests.xctest */,
			);
			name = Products;
			sourceTree = "<group>";
		};
		0023412E2A9E046A00095CE3 /* FinalAudioPlayer */ = {
			isa = PBXGroup;
			children = (
				7271EDD12A9F76D4000B1E73 /* Abstract Player */,
				7271EDD02A9F76BC000B1E73 /* EQ */,
				002341462A9E073300095CE3 /* Services */,
				0023412F2A9E046A00095CE3 /* AppDelegate.swift */,
				002341312A9E046A00095CE3 /* SceneDelegate.swift */,
				002341332A9E046A00095CE3 /* ViewController.swift */,
				002341582A9E128E00095CE3 /* bensound-jazzyfrenchy.mp3 */,
				002341572A9E128D00095CE3 /* hipjazz.wav */,
				002341352A9E046A00095CE3 /* Main.storyboard */,
				002341382A9E046E00095CE3 /* Assets.xcassets */,
				0023413A2A9E046E00095CE3 /* LaunchScreen.storyboard */,
				0023413D2A9E046E00095CE3 /* Info.plist */,
			);
			path = FinalAudioPlayer;
			sourceTree = "<group>";
		};
		002341462A9E073300095CE3 /* Services */ = {
			isa = PBXGroup;
			children = (
				72DA5B562AA08BB00037E058 /* PlayerControlsViewModel.swift */,
				002341512A9E0EA100095CE3 /* PlayerViewModel.swift */,
				0023414F2A9E093A00095CE3 /* AudioContent.swift */,
				0023414A2A9E076500095CE3 /* AudioPlayerService.swift */,
				002341492A9E076500095CE3 /* EqualizerService.swift */,
				002341472A9E076500095CE3 /* MulticastDelegate.swift */,
				002341482A9E076500095CE3 /* PlaylistItemsService.swift */,
				72D4D40A2AAF0ACF0076CDC8 /* Valiadtion Extension.swift */,
			);
			path = Services;
			sourceTree = "<group>";
		};
		7271EDD02A9F76BC000B1E73 /* EQ */ = {
			isa = PBXGroup;
			children = (
				002341522A9E0EA100095CE3 /* EqualizerViewController.swift */,
				002341532A9E0EA100095CE3 /* EqualizerViewModel.swift */,
			);
			path = EQ;
			sourceTree = "<group>";
		};
		7271EDD12A9F76D4000B1E73 /* Abstract Player */ = {
			isa = PBXGroup;
			children = (
				7271EDD22A9F76E7000B1E73 /* AbstractPlayer.swift */,
				728E94F82AC06A6F0030F6C3 /* Array + Extension.swift */,
			);
			path = "Abstract Player";
			sourceTree = "<group>";
		};
		728980372AA0A03800A3AD2E /* FinalAudioPlayerTests */ = {
			isa = PBXGroup;
			children = (
				72355AC42AA739C1004131BE /* Mock.json */,
				728980382AA0A03800A3AD2E /* FinalAudioPlayerTests.swift */,
				727E97E32AB87E1E006CE80F /* MockerProtocols.swift */,
				7220A2CA2ABAD87C00A778E0 /* Utility.swift */,
			);
			path = FinalAudioPlayerTests;
			sourceTree = "<group>";
		};
/* End PBXGroup section */

/* Begin PBXNativeTarget section */
		0023412B2A9E046A00095CE3 /* FinalAudioPlayer */ = {
			isa = PBXNativeTarget;
			buildConfigurationList = 002341402A9E046E00095CE3 /* Build configuration list for PBXNativeTarget "FinalAudioPlayer" */;
			buildPhases = (
				002341282A9E046A00095CE3 /* Sources */,
				002341292A9E046A00095CE3 /* Frameworks */,
				0023412A2A9E046A00095CE3 /* Resources */,
			);
			buildRules = (
			);
			dependencies = (
			);
			name = FinalAudioPlayer;
			packageProductDependencies = (
				727E97C02AB85A12006CE80F /* AudioStreaming */,
			);
			productName = FinalAudioPlayer;
			productReference = 0023412C2A9E046A00095CE3 /* FinalAudioPlayer.app */;
			productType = "com.apple.product-type.application";
		};
		728980352AA0A03800A3AD2E /* FinalAudioPlayerTests */ = {
			isa = PBXNativeTarget;
			buildConfigurationList = 7289803E2AA0A03800A3AD2E /* Build configuration list for PBXNativeTarget "FinalAudioPlayerTests" */;
			buildPhases = (
				728980322AA0A03800A3AD2E /* Sources */,
				728980332AA0A03800A3AD2E /* Frameworks */,
				728980342AA0A03800A3AD2E /* Resources */,
			);
			buildRules = (
			);
			dependencies = (
				7289803B2AA0A03800A3AD2E /* PBXTargetDependency */,
			);
			name = FinalAudioPlayerTests;
			productName = FinalAudioPlayerTests;
			productReference = 728980362AA0A03800A3AD2E /* FinalAudioPlayerTests.xctest */;
			productType = "com.apple.product-type.bundle.unit-test";
		};
/* End PBXNativeTarget section */

/* Begin PBXProject section */
		002341242A9E046A00095CE3 /* Project object */ = {
			isa = PBXProject;
			attributes = {
				BuildIndependentTargetsInParallel = 1;
				LastSwiftUpdateCheck = 1420;
				LastUpgradeCheck = 1320;
				TargetAttributes = {
					0023412B2A9E046A00095CE3 = {
						CreatedOnToolsVersion = 13.2.1;
					};
					728980352AA0A03800A3AD2E = {
						CreatedOnToolsVersion = 14.2;
						TestTargetID = 0023412B2A9E046A00095CE3;
					};
				};
			};
			buildConfigurationList = 002341272A9E046A00095CE3 /* Build configuration list for PBXProject "FinalAudioPlayer" */;
			compatibilityVersion = "Xcode 13.0";
			developmentRegion = en;
			hasScannedForEncodings = 0;
			knownRegions = (
				en,
				Base,
			);
			mainGroup = 002341232A9E046A00095CE3;
			packageReferences = (
				727E97BF2AB85A12006CE80F /* XCRemoteSwiftPackageReference "AudioStreaming" */,
			);
			productRefGroup = 0023412D2A9E046A00095CE3 /* Products */;
			projectDirPath = "";
			projectRoot = "";
			targets = (
				0023412B2A9E046A00095CE3 /* FinalAudioPlayer */,
				728980352AA0A03800A3AD2E /* FinalAudioPlayerTests */,
			);
		};
/* End PBXProject section */

/* Begin PBXResourcesBuildPhase section */
		0023412A2A9E046A00095CE3 /* Resources */ = {
			isa = PBXResourcesBuildPhase;
			buildActionMask = 2147483647;
			files = (
				0023415A2A9E128E00095CE3 /* bensound-jazzyfrenchy.mp3 in Resources */,
				0023413C2A9E046E00095CE3 /* LaunchScreen.storyboard in Resources */,
				002341392A9E046E00095CE3 /* Assets.xcassets in Resources */,
				002341372A9E046A00095CE3 /* Main.storyboard in Resources */,
				002341592A9E128E00095CE3 /* hipjazz.wav in Resources */,
			);
			runOnlyForDeploymentPostprocessing = 0;
		};
		728980342AA0A03800A3AD2E /* Resources */ = {
			isa = PBXResourcesBuildPhase;
			buildActionMask = 2147483647;
			files = (
				72355AC72AA739C1004131BE /* Mock.json in Resources */,
			);
			runOnlyForDeploymentPostprocessing = 0;
		};
/* End PBXResourcesBuildPhase section */

/* Begin PBXSourcesBuildPhase section */
		002341282A9E046A00095CE3 /* Sources */ = {
			isa = PBXSourcesBuildPhase;
			buildActionMask = 2147483647;
			files = (
				728E94F92AC06A6F0030F6C3 /* Array + Extension.swift in Sources */,
				002341542A9E0EA100095CE3 /* PlayerViewModel.swift in Sources */,
				72DA5B572AA08BB00037E058 /* PlayerControlsViewModel.swift in Sources */,
				002341552A9E0EA100095CE3 /* EqualizerViewController.swift in Sources */,
				002341342A9E046A00095CE3 /* ViewController.swift in Sources */,
				002341562A9E0EA100095CE3 /* EqualizerViewModel.swift in Sources */,
				002341302A9E046A00095CE3 /* AppDelegate.swift in Sources */,
				72D4D40B2AAF0ACF0076CDC8 /* Valiadtion Extension.swift in Sources */,
				002341502A9E093A00095CE3 /* AudioContent.swift in Sources */,
				0023414D2A9E076500095CE3 /* EqualizerService.swift in Sources */,
				0023414C2A9E076500095CE3 /* PlaylistItemsService.swift in Sources */,
				7271EDD32A9F76E7000B1E73 /* AbstractPlayer.swift in Sources */,
				0023414E2A9E076500095CE3 /* AudioPlayerService.swift in Sources */,
				002341322A9E046A00095CE3 /* SceneDelegate.swift in Sources */,
				0023414B2A9E076500095CE3 /* MulticastDelegate.swift in Sources */,
			);
			runOnlyForDeploymentPostprocessing = 0;
		};
		728980322AA0A03800A3AD2E /* Sources */ = {
			isa = PBXSourcesBuildPhase;
			buildActionMask = 2147483647;
			files = (
				7220A2CB2ABAD87C00A778E0 /* Utility.swift in Sources */,
				727E97E42AB87E1E006CE80F /* MockerProtocols.swift in Sources */,
				728980392AA0A03800A3AD2E /* FinalAudioPlayerTests.swift in Sources */,
			);
			runOnlyForDeploymentPostprocessing = 0;
		};
/* End PBXSourcesBuildPhase section */

/* Begin PBXTargetDependency section */
		7289803B2AA0A03800A3AD2E /* PBXTargetDependency */ = {
			isa = PBXTargetDependency;
			target = 0023412B2A9E046A00095CE3 /* FinalAudioPlayer */;
			targetProxy = 7289803A2AA0A03800A3AD2E /* PBXContainerItemProxy */;
		};
/* End PBXTargetDependency section */

/* Begin PBXVariantGroup section */
		002341352A9E046A00095CE3 /* Main.storyboard */ = {
			isa = PBXVariantGroup;
			children = (
				002341362A9E046A00095CE3 /* Base */,
			);
			name = Main.storyboard;
			sourceTree = "<group>";
		};
		0023413A2A9E046E00095CE3 /* LaunchScreen.storyboard */ = {
			isa = PBXVariantGroup;
			children = (
				0023413B2A9E046E00095CE3 /* Base */,
			);
			name = LaunchScreen.storyboard;
			sourceTree = "<group>";
		};
/* End PBXVariantGroup section */

/* Begin XCBuildConfiguration section */
		0023413E2A9E046E00095CE3 /* Debug */ = {
			isa = XCBuildConfiguration;
			buildSettings = {
				ALWAYS_SEARCH_USER_PATHS = NO;
				CLANG_ANALYZER_NONNULL = YES;
				CLANG_ANALYZER_NUMBER_OBJECT_CONVERSION = YES_AGGRESSIVE;
				CLANG_CXX_LANGUAGE_STANDARD = "gnu++17";
				CLANG_CXX_LIBRARY = "libc++";
				CLANG_ENABLE_MODULES = YES;
				CLANG_ENABLE_OBJC_ARC = YES;
				CLANG_ENABLE_OBJC_WEAK = YES;
				CLANG_WARN_BLOCK_CAPTURE_AUTORELEASING = YES;
				CLANG_WARN_BOOL_CONVERSION = YES;
				CLANG_WARN_COMMA = YES;
				CLANG_WARN_CONSTANT_CONVERSION = YES;
				CLANG_WARN_DEPRECATED_OBJC_IMPLEMENTATIONS = YES;
				CLANG_WARN_DIRECT_OBJC_ISA_USAGE = YES_ERROR;
				CLANG_WARN_DOCUMENTATION_COMMENTS = YES;
				CLANG_WARN_EMPTY_BODY = YES;
				CLANG_WARN_ENUM_CONVERSION = YES;
				CLANG_WARN_INFINITE_RECURSION = YES;
				CLANG_WARN_INT_CONVERSION = YES;
				CLANG_WARN_NON_LITERAL_NULL_CONVERSION = YES;
				CLANG_WARN_OBJC_IMPLICIT_RETAIN_SELF = YES;
				CLANG_WARN_OBJC_LITERAL_CONVERSION = YES;
				CLANG_WARN_OBJC_ROOT_CLASS = YES_ERROR;
				CLANG_WARN_QUOTED_INCLUDE_IN_FRAMEWORK_HEADER = YES;
				CLANG_WARN_RANGE_LOOP_ANALYSIS = YES;
				CLANG_WARN_STRICT_PROTOTYPES = YES;
				CLANG_WARN_SUSPICIOUS_MOVE = YES;
				CLANG_WARN_UNGUARDED_AVAILABILITY = YES_AGGRESSIVE;
				CLANG_WARN_UNREACHABLE_CODE = YES;
				CLANG_WARN__DUPLICATE_METHOD_MATCH = YES;
				COPY_PHASE_STRIP = NO;
				DEBUG_INFORMATION_FORMAT = dwarf;
				ENABLE_STRICT_OBJC_MSGSEND = YES;
				ENABLE_TESTABILITY = YES;
				GCC_C_LANGUAGE_STANDARD = gnu11;
				GCC_DYNAMIC_NO_PIC = NO;
				GCC_NO_COMMON_BLOCKS = YES;
				GCC_OPTIMIZATION_LEVEL = 0;
				GCC_PREPROCESSOR_DEFINITIONS = (
					"DEBUG=1",
					"$(inherited)",
				);
				GCC_WARN_64_TO_32_BIT_CONVERSION = YES;
				GCC_WARN_ABOUT_RETURN_TYPE = YES_ERROR;
				GCC_WARN_UNDECLARED_SELECTOR = YES;
				GCC_WARN_UNINITIALIZED_AUTOS = YES_AGGRESSIVE;
				GCC_WARN_UNUSED_FUNCTION = YES;
				GCC_WARN_UNUSED_VARIABLE = YES;
				IPHONEOS_DEPLOYMENT_TARGET = 15.2;
				MTL_ENABLE_DEBUG_INFO = INCLUDE_SOURCE;
				MTL_FAST_MATH = YES;
				ONLY_ACTIVE_ARCH = YES;
				SDKROOT = iphoneos;
				SWIFT_ACTIVE_COMPILATION_CONDITIONS = DEBUG;
				SWIFT_OPTIMIZATION_LEVEL = "-Onone";
			};
			name = Debug;
		};
		0023413F2A9E046E00095CE3 /* Release */ = {
			isa = XCBuildConfiguration;
			buildSettings = {
				ALWAYS_SEARCH_USER_PATHS = NO;
				CLANG_ANALYZER_NONNULL = YES;
				CLANG_ANALYZER_NUMBER_OBJECT_CONVERSION = YES_AGGRESSIVE;
				CLANG_CXX_LANGUAGE_STANDARD = "gnu++17";
				CLANG_CXX_LIBRARY = "libc++";
				CLANG_ENABLE_MODULES = YES;
				CLANG_ENABLE_OBJC_ARC = YES;
				CLANG_ENABLE_OBJC_WEAK = YES;
				CLANG_WARN_BLOCK_CAPTURE_AUTORELEASING = YES;
				CLANG_WARN_BOOL_CONVERSION = YES;
				CLANG_WARN_COMMA = YES;
				CLANG_WARN_CONSTANT_CONVERSION = YES;
				CLANG_WARN_DEPRECATED_OBJC_IMPLEMENTATIONS = YES;
				CLANG_WARN_DIRECT_OBJC_ISA_USAGE = YES_ERROR;
				CLANG_WARN_DOCUMENTATION_COMMENTS = YES;
				CLANG_WARN_EMPTY_BODY = YES;
				CLANG_WARN_ENUM_CONVERSION = YES;
				CLANG_WARN_INFINITE_RECURSION = YES;
				CLANG_WARN_INT_CONVERSION = YES;
				CLANG_WARN_NON_LITERAL_NULL_CONVERSION = YES;
				CLANG_WARN_OBJC_IMPLICIT_RETAIN_SELF = YES;
				CLANG_WARN_OBJC_LITERAL_CONVERSION = YES;
				CLANG_WARN_OBJC_ROOT_CLASS = YES_ERROR;
				CLANG_WARN_QUOTED_INCLUDE_IN_FRAMEWORK_HEADER = YES;
				CLANG_WARN_RANGE_LOOP_ANALYSIS = YES;
				CLANG_WARN_STRICT_PROTOTYPES = YES;
				CLANG_WARN_SUSPICIOUS_MOVE = YES;
				CLANG_WARN_UNGUARDED_AVAILABILITY = YES_AGGRESSIVE;
				CLANG_WARN_UNREACHABLE_CODE = YES;
				CLANG_WARN__DUPLICATE_METHOD_MATCH = YES;
				COPY_PHASE_STRIP = NO;
				DEBUG_INFORMATION_FORMAT = "dwarf-with-dsym";
				ENABLE_NS_ASSERTIONS = NO;
				ENABLE_STRICT_OBJC_MSGSEND = YES;
				GCC_C_LANGUAGE_STANDARD = gnu11;
				GCC_NO_COMMON_BLOCKS = YES;
				GCC_WARN_64_TO_32_BIT_CONVERSION = YES;
				GCC_WARN_ABOUT_RETURN_TYPE = YES_ERROR;
				GCC_WARN_UNDECLARED_SELECTOR = YES;
				GCC_WARN_UNINITIALIZED_AUTOS = YES_AGGRESSIVE;
				GCC_WARN_UNUSED_FUNCTION = YES;
				GCC_WARN_UNUSED_VARIABLE = YES;
				IPHONEOS_DEPLOYMENT_TARGET = 15.2;
				MTL_ENABLE_DEBUG_INFO = NO;
				MTL_FAST_MATH = YES;
				SDKROOT = iphoneos;
				SWIFT_COMPILATION_MODE = wholemodule;
				SWIFT_OPTIMIZATION_LEVEL = "-O";
				VALIDATE_PRODUCT = YES;
			};
			name = Release;
		};
		002341412A9E046E00095CE3 /* Debug */ = {
			isa = XCBuildConfiguration;
			buildSettings = {
				ASSETCATALOG_COMPILER_APPICON_NAME = AppIcon;
				ASSETCATALOG_COMPILER_GLOBAL_ACCENT_COLOR_NAME = AccentColor;
				CODE_SIGN_STYLE = Automatic;
				CURRENT_PROJECT_VERSION = 1;
				GENERATE_INFOPLIST_FILE = YES;
				INFOPLIST_FILE = FinalAudioPlayer/Info.plist;
				INFOPLIST_KEY_UIApplicationSupportsIndirectInputEvents = YES;
				INFOPLIST_KEY_UILaunchStoryboardName = LaunchScreen;
				INFOPLIST_KEY_UIMainStoryboardFile = Main;
				INFOPLIST_KEY_UISupportedInterfaceOrientations_iPad = "UIInterfaceOrientationPortrait UIInterfaceOrientationPortraitUpsideDown UIInterfaceOrientationLandscapeLeft UIInterfaceOrientationLandscapeRight";
				INFOPLIST_KEY_UISupportedInterfaceOrientations_iPhone = "UIInterfaceOrientationPortrait UIInterfaceOrientationLandscapeLeft UIInterfaceOrientationLandscapeRight";
				LD_RUNPATH_SEARCH_PATHS = (
					"$(inherited)",
					"@executable_path/Frameworks",
				);
				MARKETING_VERSION = 1.0;
				PRODUCT_BUNDLE_IDENTIFIER = Andela.FinalAudioPlayer;
				PRODUCT_NAME = "$(TARGET_NAME)";
				SWIFT_EMIT_LOC_STRINGS = YES;
				SWIFT_VERSION = 5.0;
				TARGETED_DEVICE_FAMILY = "1,2";
			};
			name = Debug;
		};
		002341422A9E046E00095CE3 /* Release */ = {
			isa = XCBuildConfiguration;
			buildSettings = {
				ASSETCATALOG_COMPILER_APPICON_NAME = AppIcon;
				ASSETCATALOG_COMPILER_GLOBAL_ACCENT_COLOR_NAME = AccentColor;
				CODE_SIGN_STYLE = Automatic;
				CURRENT_PROJECT_VERSION = 1;
				GENERATE_INFOPLIST_FILE = YES;
				INFOPLIST_FILE = FinalAudioPlayer/Info.plist;
				INFOPLIST_KEY_UIApplicationSupportsIndirectInputEvents = YES;
				INFOPLIST_KEY_UILaunchStoryboardName = LaunchScreen;
				INFOPLIST_KEY_UIMainStoryboardFile = Main;
				INFOPLIST_KEY_UISupportedInterfaceOrientations_iPad = "UIInterfaceOrientationPortrait UIInterfaceOrientationPortraitUpsideDown UIInterfaceOrientationLandscapeLeft UIInterfaceOrientationLandscapeRight";
				INFOPLIST_KEY_UISupportedInterfaceOrientations_iPhone = "UIInterfaceOrientationPortrait UIInterfaceOrientationLandscapeLeft UIInterfaceOrientationLandscapeRight";
				LD_RUNPATH_SEARCH_PATHS = (
					"$(inherited)",
					"@executable_path/Frameworks",
				);
				MARKETING_VERSION = 1.0;
				PRODUCT_BUNDLE_IDENTIFIER = Andela.FinalAudioPlayer;
				PRODUCT_NAME = "$(TARGET_NAME)";
				SWIFT_EMIT_LOC_STRINGS = YES;
				SWIFT_VERSION = 5.0;
				TARGETED_DEVICE_FAMILY = "1,2";
			};
			name = Release;
		};
		7289803C2AA0A03800A3AD2E /* Debug */ = {
			isa = XCBuildConfiguration;
			buildSettings = {
				BUNDLE_LOADER = "$(TEST_HOST)";
				CLANG_CXX_LANGUAGE_STANDARD = "gnu++20";
				CODE_SIGN_STYLE = Automatic;
				CURRENT_PROJECT_VERSION = 1;
				DEVELOPMENT_TEAM = 4KP7P7XSCQ;
				GENERATE_INFOPLIST_FILE = YES;
				IPHONEOS_DEPLOYMENT_TARGET = 16.2;
				MARKETING_VERSION = 1.0;
				PRODUCT_BUNDLE_IDENTIFIER = Systems.FinalAudioPlayerTests;
				PRODUCT_NAME = "$(TARGET_NAME)";
				SWIFT_EMIT_LOC_STRINGS = NO;
				SWIFT_VERSION = 5.0;
				TARGETED_DEVICE_FAMILY = "1,2";
				TEST_HOST = "$(BUILT_PRODUCTS_DIR)/FinalAudioPlayer.app/$(BUNDLE_EXECUTABLE_FOLDER_PATH)/FinalAudioPlayer";
			};
			name = Debug;
		};
		7289803D2AA0A03800A3AD2E /* Release */ = {
			isa = XCBuildConfiguration;
			buildSettings = {
				BUNDLE_LOADER = "$(TEST_HOST)";
				CLANG_CXX_LANGUAGE_STANDARD = "gnu++20";
				CODE_SIGN_STYLE = Automatic;
				CURRENT_PROJECT_VERSION = 1;
				DEVELOPMENT_TEAM = 4KP7P7XSCQ;
				GENERATE_INFOPLIST_FILE = YES;
				IPHONEOS_DEPLOYMENT_TARGET = 16.2;
				MARKETING_VERSION = 1.0;
				PRODUCT_BUNDLE_IDENTIFIER = Systems.FinalAudioPlayerTests;
				PRODUCT_NAME = "$(TARGET_NAME)";
				SWIFT_EMIT_LOC_STRINGS = NO;
				SWIFT_VERSION = 5.0;
				TARGETED_DEVICE_FAMILY = "1,2";
				TEST_HOST = "$(BUILT_PRODUCTS_DIR)/FinalAudioPlayer.app/$(BUNDLE_EXECUTABLE_FOLDER_PATH)/FinalAudioPlayer";
			};
			name = Release;
		};
/* End XCBuildConfiguration section */

/* Begin XCConfigurationList section */
		002341272A9E046A00095CE3 /* Build configuration list for PBXProject "FinalAudioPlayer" */ = {
			isa = XCConfigurationList;
			buildConfigurations = (
				0023413E2A9E046E00095CE3 /* Debug */,
				0023413F2A9E046E00095CE3 /* Release */,
			);
			defaultConfigurationIsVisible = 0;
			defaultConfigurationName = Release;
		};
		002341402A9E046E00095CE3 /* Build configuration list for PBXNativeTarget "FinalAudioPlayer" */ = {
			isa = XCConfigurationList;
			buildConfigurations = (
				002341412A9E046E00095CE3 /* Debug */,
				002341422A9E046E00095CE3 /* Release */,
			);
			defaultConfigurationIsVisible = 0;
			defaultConfigurationName = Release;
		};
		7289803E2AA0A03800A3AD2E /* Build configuration list for PBXNativeTarget "FinalAudioPlayerTests" */ = {
			isa = XCConfigurationList;
			buildConfigurations = (
				7289803C2AA0A03800A3AD2E /* Debug */,
				7289803D2AA0A03800A3AD2E /* Release */,
			);
			defaultConfigurationIsVisible = 0;
			defaultConfigurationName = Release;
		};
/* End XCConfigurationList section */

/* Begin XCRemoteSwiftPackageReference section */
		727E97BF2AB85A12006CE80F /* XCRemoteSwiftPackageReference "AudioStreaming" */ = {
			isa = XCRemoteSwiftPackageReference;
			repositoryURL = "https://github.com/dimitris-c/AudioStreaming.git";
			requirement = {
				branch = main;
				kind = branch;
			};
		};
/* End XCRemoteSwiftPackageReference section */

/* Begin XCSwiftPackageProductDependency section */
		727E97C02AB85A12006CE80F /* AudioStreaming */ = {
			isa = XCSwiftPackageProductDependency;
			package = 727E97BF2AB85A12006CE80F /* XCRemoteSwiftPackageReference "AudioStreaming" */;
			productName = AudioStreaming;
		};
/* End XCSwiftPackageProductDependency section */
	};
	rootObject = 002341242A9E046A00095CE3 /* Project object */;
}
